// !$*UTF8*$!
{
	archiveVersion = 1;
	classes = {
	};
	objectVersion = 56;
	objects = {

/* Begin PBXBuildFile section */
		4F7325532B385BC3008587FE /* AppDelegate.swift in Sources */ = {isa = PBXBuildFile; fileRef = 4F7325522B385BC3008587FE /* AppDelegate.swift */; };
		4F7325552B385BC3008587FE /* SceneDelegate.swift in Sources */ = {isa = PBXBuildFile; fileRef = 4F7325542B385BC3008587FE /* SceneDelegate.swift */; };
		4F7325572B385BC3008587FE /* FirstScreenVC.swift in Sources */ = {isa = PBXBuildFile; fileRef = 4F7325562B385BC3008587FE /* FirstScreenVC.swift */; };
		4F73255A2B385BC3008587FE /* Main.storyboard in Resources */ = {isa = PBXBuildFile; fileRef = 4F7325582B385BC3008587FE /* Main.storyboard */; };
		4F73255C2B385BC5008587FE /* Assets.xcassets in Resources */ = {isa = PBXBuildFile; fileRef = 4F73255B2B385BC5008587FE /* Assets.xcassets */; };
		4F73255F2B385BC5008587FE /* LaunchScreen.storyboard in Resources */ = {isa = PBXBuildFile; fileRef = 4F73255D2B385BC5008587FE /* LaunchScreen.storyboard */; };
		4F73256C2B3876F7008587FE /* Extension.swift in Sources */ = {isa = PBXBuildFile; fileRef = 4F73256B2B3876F7008587FE /* Extension.swift */; };
		4F73256E2B387B41008587FE /* SecondScreenVC.swift in Sources */ = {isa = PBXBuildFile; fileRef = 4F73256D2B387B41008587FE /* SecondScreenVC.swift */; };
		4F7325702B387BB3008587FE /* ThirdScreenVC.swift in Sources */ = {isa = PBXBuildFile; fileRef = 4F73256F2B387BB3008587FE /* ThirdScreenVC.swift */; };
		4F7325742B3895B3008587FE /* Constants.swift in Sources */ = {isa = PBXBuildFile; fileRef = 4F7325732B3895B3008587FE /* Constants.swift */; };
		4F7325762B3895C9008587FE /* ApiHelper.swift in Sources */ = {isa = PBXBuildFile; fileRef = 4F7325752B3895C9008587FE /* ApiHelper.swift */; };
		4F7325782B389976008587FE /* User.swift in Sources */ = {isa = PBXBuildFile; fileRef = 4F7325772B389976008587FE /* User.swift */; };
		4F73257A2B38A962008587FE /* ApiClient.swift in Sources */ = {isa = PBXBuildFile; fileRef = 4F7325792B38A962008587FE /* ApiClient.swift */; };
		4F73257C2B38B614008587FE /* UserCell.xib in Resources */ = {isa = PBXBuildFile; fileRef = 4F73257B2B38B614008587FE /* UserCell.xib */; };
		4F73257F2B38B694008587FE /* UserCellVC.swift in Sources */ = {isa = PBXBuildFile; fileRef = 4F73257E2B38B694008587FE /* UserCellVC.swift */; };
/* End PBXBuildFile section */

/* Begin PBXFileReference section */
		4F73254F2B385BC3008587FE /* MSIBTest-Suitmedia.app */ = {isa = PBXFileReference; explicitFileType = wrapper.application; includeInIndex = 0; path = "MSIBTest-Suitmedia.app"; sourceTree = BUILT_PRODUCTS_DIR; };
		4F7325522B385BC3008587FE /* AppDelegate.swift */ = {isa = PBXFileReference; lastKnownFileType = sourcecode.swift; path = AppDelegate.swift; sourceTree = "<group>"; };
		4F7325542B385BC3008587FE /* SceneDelegate.swift */ = {isa = PBXFileReference; lastKnownFileType = sourcecode.swift; path = SceneDelegate.swift; sourceTree = "<group>"; };
		4F7325562B385BC3008587FE /* FirstScreenVC.swift */ = {isa = PBXFileReference; lastKnownFileType = sourcecode.swift; path = FirstScreenVC.swift; sourceTree = "<group>"; };
		4F7325592B385BC3008587FE /* Base */ = {isa = PBXFileReference; lastKnownFileType = file.storyboard; name = Base; path = Base.lproj/Main.storyboard; sourceTree = "<group>"; };
		4F73255B2B385BC5008587FE /* Assets.xcassets */ = {isa = PBXFileReference; lastKnownFileType = folder.assetcatalog; path = Assets.xcassets; sourceTree = "<group>"; };
		4F73255E2B385BC5008587FE /* Base */ = {isa = PBXFileReference; lastKnownFileType = file.storyboard; name = Base; path = Base.lproj/LaunchScreen.storyboard; sourceTree = "<group>"; };
		4F7325602B385BC5008587FE /* Info.plist */ = {isa = PBXFileReference; lastKnownFileType = text.plist.xml; path = Info.plist; sourceTree = "<group>"; };
		4F73256B2B3876F7008587FE /* Extension.swift */ = {isa = PBXFileReference; lastKnownFileType = sourcecode.swift; path = Extension.swift; sourceTree = "<group>"; };
		4F73256D2B387B41008587FE /* SecondScreenVC.swift */ = {isa = PBXFileReference; lastKnownFileType = sourcecode.swift; path = SecondScreenVC.swift; sourceTree = "<group>"; };
		4F73256F2B387BB3008587FE /* ThirdScreenVC.swift */ = {isa = PBXFileReference; lastKnownFileType = sourcecode.swift; path = ThirdScreenVC.swift; sourceTree = "<group>"; };
		4F7325732B3895B3008587FE /* Constants.swift */ = {isa = PBXFileReference; lastKnownFileType = sourcecode.swift; path = Constants.swift; sourceTree = "<group>"; };
		4F7325752B3895C9008587FE /* ApiHelper.swift */ = {isa = PBXFileReference; lastKnownFileType = sourcecode.swift; path = ApiHelper.swift; sourceTree = "<group>"; };
		4F7325772B389976008587FE /* User.swift */ = {isa = PBXFileReference; lastKnownFileType = sourcecode.swift; path = User.swift; sourceTree = "<group>"; };
		4F7325792B38A962008587FE /* ApiClient.swift */ = {isa = PBXFileReference; lastKnownFileType = sourcecode.swift; path = ApiClient.swift; sourceTree = "<group>"; };
		4F73257B2B38B614008587FE /* UserCell.xib */ = {isa = PBXFileReference; lastKnownFileType = file.xib; path = UserCell.xib; sourceTree = "<group>"; };
		4F73257E2B38B694008587FE /* UserCellVC.swift */ = {isa = PBXFileReference; lastKnownFileType = sourcecode.swift; path = UserCellVC.swift; sourceTree = "<group>"; };
/* End PBXFileReference section */

/* Begin PBXFrameworksBuildPhase section */
		4F73254C2B385BC3008587FE /* Frameworks */ = {
			isa = PBXFrameworksBuildPhase;
			buildActionMask = 2147483647;
			files = (
			);
			runOnlyForDeploymentPostprocessing = 0;
		};
/* End PBXFrameworksBuildPhase section */

/* Begin PBXGroup section */
		4F7325462B385BC3008587FE = {
			isa = PBXGroup;
			children = (
				4F7325512B385BC3008587FE /* MSIBTest-Suitmedia */,
				4F7325502B385BC3008587FE /* Products */,
			);
			sourceTree = "<group>";
		};
		4F7325502B385BC3008587FE /* Products */ = {
			isa = PBXGroup;
			children = (
				4F73254F2B385BC3008587FE /* MSIBTest-Suitmedia.app */,
			);
			name = Products;
			sourceTree = "<group>";
		};
		4F7325512B385BC3008587FE /* MSIBTest-Suitmedia */ = {
			isa = PBXGroup;
			children = (
				4F73256A2B3876CD008587FE /* View */,
				4F7325692B3876C3008587FE /* Model */,
				4F7325682B387359008587FE /* Utilities */,
				4F7325672B387339008587FE /* Storyboard */,
				4F7325662B387327008587FE /* View Controller */,
				4F7325522B385BC3008587FE /* AppDelegate.swift */,
				4F7325542B385BC3008587FE /* SceneDelegate.swift */,
				4F73255B2B385BC5008587FE /* Assets.xcassets */,
				4F7325602B385BC5008587FE /* Info.plist */,
			);
			path = "MSIBTest-Suitmedia";
			sourceTree = "<group>";
		};
		4F7325662B387327008587FE /* View Controller */ = {
			isa = PBXGroup;
			children = (
				4F73257D2B38B664008587FE /* Cell */,
				4F7325562B385BC3008587FE /* FirstScreenVC.swift */,
				4F73256D2B387B41008587FE /* SecondScreenVC.swift */,
				4F73256F2B387BB3008587FE /* ThirdScreenVC.swift */,
			);
			path = "View Controller";
			sourceTree = "<group>";
		};
		4F7325672B387339008587FE /* Storyboard */ = {
			isa = PBXGroup;
			children = (
				4F7325582B385BC3008587FE /* Main.storyboard */,
				4F73255D2B385BC5008587FE /* LaunchScreen.storyboard */,
			);
			path = Storyboard;
			sourceTree = "<group>";
		};
		4F7325682B387359008587FE /* Utilities */ = {
			isa = PBXGroup;
			children = (
				4F7325712B389588008587FE /* Helper */,
				4F73256B2B3876F7008587FE /* Extension.swift */,
				4F7325732B3895B3008587FE /* Constants.swift */,
			);
			path = Utilities;
			sourceTree = "<group>";
		};
		4F7325692B3876C3008587FE /* Model */ = {
			isa = PBXGroup;
			children = (
				4F7325772B389976008587FE /* User.swift */,
			);
			path = Model;
			sourceTree = "<group>";
		};
		4F73256A2B3876CD008587FE /* View */ = {
			isa = PBXGroup;
			children = (
				4F73257B2B38B614008587FE /* UserCell.xib */,
			);
			path = View;
			sourceTree = "<group>";
		};
		4F7325712B389588008587FE /* Helper */ = {
			isa = PBXGroup;
			children = (
				4F7325752B3895C9008587FE /* ApiHelper.swift */,
				4F7325792B38A962008587FE /* ApiClient.swift */,
			);
			path = Helper;
			sourceTree = "<group>";
		};
		4F73257D2B38B664008587FE /* Cell */ = {
			isa = PBXGroup;
			children = (
				4F73257E2B38B694008587FE /* UserCellVC.swift */,
			);
			path = Cell;
			sourceTree = "<group>";
		};
/* End PBXGroup section */

/* Begin PBXNativeTarget section */
		4F73254E2B385BC3008587FE /* MSIBTest-Suitmedia */ = {
			isa = PBXNativeTarget;
			buildConfigurationList = 4F7325632B385BC5008587FE /* Build configuration list for PBXNativeTarget "MSIBTest-Suitmedia" */;
			buildPhases = (
				4F73254B2B385BC3008587FE /* Sources */,
				4F73254C2B385BC3008587FE /* Frameworks */,
				4F73254D2B385BC3008587FE /* Resources */,
			);
			buildRules = (
			);
			dependencies = (
			);
			name = "MSIBTest-Suitmedia";
			productName = "MSIBTest-Suitmedia";
			productReference = 4F73254F2B385BC3008587FE /* MSIBTest-Suitmedia.app */;
			productType = "com.apple.product-type.application";
		};
/* End PBXNativeTarget section */

/* Begin PBXProject section */
		4F7325472B385BC3008587FE /* Project object */ = {
			isa = PBXProject;
			attributes = {
				BuildIndependentTargetsInParallel = 1;
				LastSwiftUpdateCheck = 1500;
				LastUpgradeCheck = 1500;
				TargetAttributes = {
					4F73254E2B385BC3008587FE = {
						CreatedOnToolsVersion = 15.0;
					};
				};
			};
			buildConfigurationList = 4F73254A2B385BC3008587FE /* Build configuration list for PBXProject "MSIBTest-Suitmedia" */;
			compatibilityVersion = "Xcode 14.0";
			developmentRegion = en;
			hasScannedForEncodings = 0;
			knownRegions = (
				en,
				Base,
			);
			mainGroup = 4F7325462B385BC3008587FE;
			productRefGroup = 4F7325502B385BC3008587FE /* Products */;
			projectDirPath = "";
			projectRoot = "";
			targets = (
				4F73254E2B385BC3008587FE /* MSIBTest-Suitmedia */,
			);
		};
/* End PBXProject section */

/* Begin PBXResourcesBuildPhase section */
		4F73254D2B385BC3008587FE /* Resources */ = {
			isa = PBXResourcesBuildPhase;
			buildActionMask = 2147483647;
			files = (
				4F73257C2B38B614008587FE /* UserCell.xib in Resources */,
				4F73255F2B385BC5008587FE /* LaunchScreen.storyboard in Resources */,
				4F73255C2B385BC5008587FE /* Assets.xcassets in Resources */,
				4F73255A2B385BC3008587FE /* Main.storyboard in Resources */,
			);
			runOnlyForDeploymentPostprocessing = 0;
		};
/* End PBXResourcesBuildPhase section */

/* Begin PBXSourcesBuildPhase section */
		4F73254B2B385BC3008587FE /* Sources */ = {
			isa = PBXSourcesBuildPhase;
			buildActionMask = 2147483647;
			files = (
				4F7325572B385BC3008587FE /* FirstScreenVC.swift in Sources */,
				4F73256E2B387B41008587FE /* SecondScreenVC.swift in Sources */,
				4F7325702B387BB3008587FE /* ThirdScreenVC.swift in Sources */,
				4F7325532B385BC3008587FE /* AppDelegate.swift in Sources */,
				4F73257F2B38B694008587FE /* UserCellVC.swift in Sources */,
				4F7325762B3895C9008587FE /* ApiHelper.swift in Sources */,
				4F7325782B389976008587FE /* User.swift in Sources */,
				4F7325742B3895B3008587FE /* Constants.swift in Sources */,
				4F7325552B385BC3008587FE /* SceneDelegate.swift in Sources */,
				4F73256C2B3876F7008587FE /* Extension.swift in Sources */,
				4F73257A2B38A962008587FE /* ApiClient.swift in Sources */,
			);
			runOnlyForDeploymentPostprocessing = 0;
		};
/* End PBXSourcesBuildPhase section */

/* Begin PBXVariantGroup section */
		4F7325582B385BC3008587FE /* Main.storyboard */ = {
			isa = PBXVariantGroup;
			children = (
				4F7325592B385BC3008587FE /* Base */,
			);
			name = Main.storyboard;
			sourceTree = "<group>";
		};
		4F73255D2B385BC5008587FE /* LaunchScreen.storyboard */ = {
			isa = PBXVariantGroup;
			children = (
				4F73255E2B385BC5008587FE /* Base */,
			);
			name = LaunchScreen.storyboard;
			sourceTree = "<group>";
		};
/* End PBXVariantGroup section */

/* Begin XCBuildConfiguration section */
		4F7325612B385BC5008587FE /* Debug */ = {
			isa = XCBuildConfiguration;
			buildSettings = {
				ALWAYS_SEARCH_USER_PATHS = NO;
				ASSETCATALOG_COMPILER_GENERATE_SWIFT_ASSET_SYMBOL_EXTENSIONS = YES;
				CLANG_ANALYZER_NONNULL = YES;
				CLANG_ANALYZER_NUMBER_OBJECT_CONVERSION = YES_AGGRESSIVE;
				CLANG_CXX_LANGUAGE_STANDARD = "gnu++20";
				CLANG_ENABLE_MODULES = YES;
				CLANG_ENABLE_OBJC_ARC = YES;
				CLANG_ENABLE_OBJC_WEAK = YES;
				CLANG_WARN_BLOCK_CAPTURE_AUTORELEASING = YES;
				CLANG_WARN_BOOL_CONVERSION = YES;
				CLANG_WARN_COMMA = YES;
				CLANG_WARN_CONSTANT_CONVERSION = YES;
				CLANG_WARN_DEPRECATED_OBJC_IMPLEMENTATIONS = YES;
				CLANG_WARN_DIRECT_OBJC_ISA_USAGE = YES_ERROR;
				CLANG_WARN_DOCUMENTATION_COMMENTS = YES;
				CLANG_WARN_EMPTY_BODY = YES;
				CLANG_WARN_ENUM_CONVERSION = YES;
				CLANG_WARN_INFINITE_RECURSION = YES;
				CLANG_WARN_INT_CONVERSION = YES;
				CLANG_WARN_NON_LITERAL_NULL_CONVERSION = YES;
				CLANG_WARN_OBJC_IMPLICIT_RETAIN_SELF = YES;
				CLANG_WARN_OBJC_LITERAL_CONVERSION = YES;
				CLANG_WARN_OBJC_ROOT_CLASS = YES_ERROR;
				CLANG_WARN_QUOTED_INCLUDE_IN_FRAMEWORK_HEADER = YES;
				CLANG_WARN_RANGE_LOOP_ANALYSIS = YES;
				CLANG_WARN_STRICT_PROTOTYPES = YES;
				CLANG_WARN_SUSPICIOUS_MOVE = YES;
				CLANG_WARN_UNGUARDED_AVAILABILITY = YES_AGGRESSIVE;
				CLANG_WARN_UNREACHABLE_CODE = YES;
				CLANG_WARN__DUPLICATE_METHOD_MATCH = YES;
				COPY_PHASE_STRIP = NO;
				DEBUG_INFORMATION_FORMAT = dwarf;
				ENABLE_STRICT_OBJC_MSGSEND = YES;
				ENABLE_TESTABILITY = YES;
				ENABLE_USER_SCRIPT_SANDBOXING = YES;
				GCC_C_LANGUAGE_STANDARD = gnu17;
				GCC_DYNAMIC_NO_PIC = NO;
				GCC_NO_COMMON_BLOCKS = YES;
				GCC_OPTIMIZATION_LEVEL = 0;
				GCC_PREPROCESSOR_DEFINITIONS = (
					"DEBUG=1",
					"$(inherited)",
				);
				GCC_WARN_64_TO_32_BIT_CONVERSION = YES;
				GCC_WARN_ABOUT_RETURN_TYPE = YES_ERROR;
				GCC_WARN_UNDECLARED_SELECTOR = YES;
				GCC_WARN_UNINITIALIZED_AUTOS = YES_AGGRESSIVE;
				GCC_WARN_UNUSED_FUNCTION = YES;
				GCC_WARN_UNUSED_VARIABLE = YES;
				IPHONEOS_DEPLOYMENT_TARGET = 17.0;
				LOCALIZATION_PREFERS_STRING_CATALOGS = YES;
				MTL_ENABLE_DEBUG_INFO = INCLUDE_SOURCE;
				MTL_FAST_MATH = YES;
				ONLY_ACTIVE_ARCH = YES;
				SDKROOT = iphoneos;
				SWIFT_ACTIVE_COMPILATION_CONDITIONS = "DEBUG $(inherited)";
				SWIFT_OPTIMIZATION_LEVEL = "-Onone";
			};
			name = Debug;
		};
		4F7325622B385BC5008587FE /* Release */ = {
			isa = XCBuildConfiguration;
			buildSettings = {
				ALWAYS_SEARCH_USER_PATHS = NO;
				ASSETCATALOG_COMPILER_GENERATE_SWIFT_ASSET_SYMBOL_EXTENSIONS = YES;
				CLANG_ANALYZER_NONNULL = YES;
				CLANG_ANALYZER_NUMBER_OBJECT_CONVERSION = YES_AGGRESSIVE;
				CLANG_CXX_LANGUAGE_STANDARD = "gnu++20";
				CLANG_ENABLE_MODULES = YES;
				CLANG_ENABLE_OBJC_ARC = YES;
				CLANG_ENABLE_OBJC_WEAK = YES;
				CLANG_WARN_BLOCK_CAPTURE_AUTORELEASING = YES;
				CLANG_WARN_BOOL_CONVERSION = YES;
				CLANG_WARN_COMMA = YES;
				CLANG_WARN_CONSTANT_CONVERSION = YES;
				CLANG_WARN_DEPRECATED_OBJC_IMPLEMENTATIONS = YES;
				CLANG_WARN_DIRECT_OBJC_ISA_USAGE = YES_ERROR;
				CLANG_WARN_DOCUMENTATION_COMMENTS = YES;
				CLANG_WARN_EMPTY_BODY = YES;
				CLANG_WARN_ENUM_CONVERSION = YES;
				CLANG_WARN_INFINITE_RECURSION = YES;
				CLANG_WARN_INT_CONVERSION = YES;
				CLANG_WARN_NON_LITERAL_NULL_CONVERSION = YES;
				CLANG_WARN_OBJC_IMPLICIT_RETAIN_SELF = YES;
				CLANG_WARN_OBJC_LITERAL_CONVERSION = YES;
				CLANG_WARN_OBJC_ROOT_CLASS = YES_ERROR;
				CLANG_WARN_QUOTED_INCLUDE_IN_FRAMEWORK_HEADER = YES;
				CLANG_WARN_RANGE_LOOP_ANALYSIS = YES;
				CLANG_WARN_STRICT_PROTOTYPES = YES;
				CLANG_WARN_SUSPICIOUS_MOVE = YES;
				CLANG_WARN_UNGUARDED_AVAILABILITY = YES_AGGRESSIVE;
				CLANG_WARN_UNREACHABLE_CODE = YES;
				CLANG_WARN__DUPLICATE_METHOD_MATCH = YES;
				COPY_PHASE_STRIP = NO;
				DEBUG_INFORMATION_FORMAT = "dwarf-with-dsym";
				ENABLE_NS_ASSERTIONS = NO;
				ENABLE_STRICT_OBJC_MSGSEND = YES;
				ENABLE_USER_SCRIPT_SANDBOXING = YES;
				GCC_C_LANGUAGE_STANDARD = gnu17;
				GCC_NO_COMMON_BLOCKS = YES;
				GCC_WARN_64_TO_32_BIT_CONVERSION = YES;
				GCC_WARN_ABOUT_RETURN_TYPE = YES_ERROR;
				GCC_WARN_UNDECLARED_SELECTOR = YES;
				GCC_WARN_UNINITIALIZED_AUTOS = YES_AGGRESSIVE;
				GCC_WARN_UNUSED_FUNCTION = YES;
				GCC_WARN_UNUSED_VARIABLE = YES;
				IPHONEOS_DEPLOYMENT_TARGET = 17.0;
				LOCALIZATION_PREFERS_STRING_CATALOGS = YES;
				MTL_ENABLE_DEBUG_INFO = NO;
				MTL_FAST_MATH = YES;
				SDKROOT = iphoneos;
				SWIFT_COMPILATION_MODE = wholemodule;
				VALIDATE_PRODUCT = YES;
			};
			name = Release;
		};
		4F7325642B385BC5008587FE /* Debug */ = {
			isa = XCBuildConfiguration;
			buildSettings = {
				ASSETCATALOG_COMPILER_APPICON_NAME = AppIcon;
				ASSETCATALOG_COMPILER_GLOBAL_ACCENT_COLOR_NAME = AccentColor;
				CODE_SIGN_STYLE = Automatic;
				CURRENT_PROJECT_VERSION = 1;
				DEVELOPMENT_TEAM = 85TX7YS764;
				GENERATE_INFOPLIST_FILE = YES;
				INFOPLIST_FILE = "MSIBTest-Suitmedia/Info.plist";
				INFOPLIST_KEY_UIApplicationSupportsIndirectInputEvents = YES;
				INFOPLIST_KEY_UILaunchStoryboardName = LaunchScreen;
				INFOPLIST_KEY_UIMainStoryboardFile = Main;
				INFOPLIST_KEY_UISupportedInterfaceOrientations_iPad = "UIInterfaceOrientationPortrait UIInterfaceOrientationPortraitUpsideDown UIInterfaceOrientationLandscapeLeft UIInterfaceOrientationLandscapeRight";
				INFOPLIST_KEY_UISupportedInterfaceOrientations_iPhone = "UIInterfaceOrientationPortrait UIInterfaceOrientationLandscapeLeft UIInterfaceOrientationLandscapeRight";
				INFOPLIST_KEY_UIUserInterfaceStyle = Light;
				IPHONEOS_DEPLOYMENT_TARGET = 14.0;
				LD_RUNPATH_SEARCH_PATHS = (
					"$(inherited)",
					"@executable_path/Frameworks",
				);
				MARKETING_VERSION = 1.0;
				PRODUCT_BUNDLE_IDENTIFIER = "com.triginandri.MSIBTest-Suitmedia";
				PRODUCT_NAME = "$(TARGET_NAME)";
				SWIFT_EMIT_LOC_STRINGS = YES;
				SWIFT_VERSION = 5.0;
				TARGETED_DEVICE_FAMILY = "1,2";
			};
			name = Debug;
		};
		4F7325652B385BC5008587FE /* Release */ = {
			isa = XCBuildConfiguration;
			buildSettings = {
				ASSETCATALOG_COMPILER_APPICON_NAME = AppIcon;
				ASSETCATALOG_COMPILER_GLOBAL_ACCENT_COLOR_NAME = AccentColor;
				CODE_SIGN_STYLE = Automatic;
				CURRENT_PROJECT_VERSION = 1;
				DEVELOPMENT_TEAM = 85TX7YS764;
				GENERATE_INFOPLIST_FILE = YES;
				INFOPLIST_FILE = "MSIBTest-Suitmedia/Info.plist";
				INFOPLIST_KEY_UIApplicationSupportsIndirectInputEvents = YES;
				INFOPLIST_KEY_UILaunchStoryboardName = LaunchScreen;
				INFOPLIST_KEY_UIMainStoryboardFile = Main;
				INFOPLIST_KEY_UISupportedInterfaceOrientations_iPad = "UIInterfaceOrientationPortrait UIInterfaceOrientationPortraitUpsideDown UIInterfaceOrientationLandscapeLeft UIInterfaceOrientationLandscapeRight";
				INFOPLIST_KEY_UISupportedInterfaceOrientations_iPhone = "UIInterfaceOrientationPortrait UIInterfaceOrientationLandscapeLeft UIInterfaceOrientationLandscapeRight";
				INFOPLIST_KEY_UIUserInterfaceStyle = Light;
				IPHONEOS_DEPLOYMENT_TARGET = 14.0;
				LD_RUNPATH_SEARCH_PATHS = (
					"$(inherited)",
					"@executable_path/Frameworks",
				);
				MARKETING_VERSION = 1.0;
				PRODUCT_BUNDLE_IDENTIFIER = "com.triginandri.MSIBTest-Suitmedia";
				PRODUCT_NAME = "$(TARGET_NAME)";
				SWIFT_EMIT_LOC_STRINGS = YES;
				SWIFT_VERSION = 5.0;
				TARGETED_DEVICE_FAMILY = "1,2";
			};
			name = Release;
		};
/* End XCBuildConfiguration section */

/* Begin XCConfigurationList section */
		4F73254A2B385BC3008587FE /* Build configuration list for PBXProject "MSIBTest-Suitmedia" */ = {
			isa = XCConfigurationList;
			buildConfigurations = (
				4F7325612B385BC5008587FE /* Debug */,
				4F7325622B385BC5008587FE /* Release */,
			);
			defaultConfigurationIsVisible = 0;
			defaultConfigurationName = Release;
		};
		4F7325632B385BC5008587FE /* Build configuration list for PBXNativeTarget "MSIBTest-Suitmedia" */ = {
			isa = XCConfigurationList;
			buildConfigurations = (
				4F7325642B385BC5008587FE /* Debug */,
				4F7325652B385BC5008587FE /* Release */,
			);
			defaultConfigurationIsVisible = 0;
			defaultConfigurationName = Release;
		};
/* End XCConfigurationList section */
	};
	rootObject = 4F7325472B385BC3008587FE /* Project object */;
}
